
Microsoft Visual Studio Solution File, Format Version 12.00
# Visual Studio 15
Project("{FAE04EC0-301F-11D3-BF4B-00C04F79EFBC}") = "Assembly-CSharp", "Assembly-CSharp.csproj", "{4EA18785-2C43-CCF8-6705-26F671EC58C8}"
EndProject
Project("{FAE04EC0-301F-11D3-BF4B-00C04F79EFBC}") = "Assembly-CSharp-Editor", "Assembly-CSharp-Editor.csproj", "{BF6120FA-AE6F-0312-A954-D7F1347E3DFA}"
EndProject
Global
	GlobalSection(SolutionConfigurationPlatforms) = preSolution
		Debug|Any CPU = Debug|Any CPU
		Release|Any CPU = Release|Any CPU
	EndGlobalSection
	GlobalSection(ProjectConfigurationPlatforms) = postSolution
		{4EA18785-2C43-CCF8-6705-26F671EC58C8}.Debug|Any CPU.ActiveCfg = Debug|Any CPU
		{4EA18785-2C43-CCF8-6705-26F671EC58C8}.Debug|Any CPU.Build.0 = Debug|Any CPU
		{4EA18785-2C43-CCF8-6705-26F671EC58C8}.Release|Any CPU.ActiveCfg = Release|Any CPU
		{4EA18785-2C43-CCF8-6705-26F671EC58C8}.Release|Any CPU.Build.0 = Release|Any CPU
		{BF6120FA-AE6F-0312-A954-D7F1347E3DFA}.Debug|Any CPU.ActiveCfg = Debug|Any CPU
		{BF6120FA-AE6F-0312-A954-D7F1347E3DFA}.Debug|Any CPU.Build.0 = Debug|Any CPU
		{BF6120FA-AE6F-0312-A954-D7F1347E3DFA}.Release|Any CPU.ActiveCfg = Release|Any CPU
		{BF6120FA-AE6F-0312-A954-D7F1347E3DFA}.Release|Any CPU.Build.0 = Release|Any CPU
	EndGlobalSection
	GlobalSection(SolutionProperties) = preSolution
		HideSolutionNode = FALSE
	EndGlobalSection
EndGlobal
